
Microsoft Visual Studio Solution File, Format Version 12.00
# Visual Studio Version 16
VisualStudioVersion = 16.0.31005.135
MinimumVisualStudioVersion = 10.0.40219.1
Project("{FAE04EC0-301F-11D3-BF4B-00C04F79EFBC}") = "UserMaintenance2022", "UserMaintenance2022\UserMaintenance2022.csproj", "{2CC97018-C83D-4F86-B7E0-EAE75E9953FE}"
EndProject
Global
	GlobalSection(SolutionConfigurationPlatforms) = preSolution
		Debug|Any CPU = Debug|Any CPU
		Release|Any CPU = Release|Any CPU
	EndGlobalSection
	GlobalSection(ProjectConfigurationPlatforms) = postSolution
		{2CC97018-C83D-4F86-B7E0-EAE75E9953FE}.Debug|Any CPU.ActiveCfg = Debug|Any CPU
		{2CC97018-C83D-4F86-B7E0-EAE75E9953FE}.Debug|Any CPU.Build.0 = Debug|Any CPU
		{2CC97018-C83D-4F86-B7E0-EAE75E9953FE}.Release|Any CPU.ActiveCfg = Release|Any CPU
		{2CC97018-C83D-4F86-B7E0-EAE75E9953FE}.Release|Any CPU.Build.0 = Release|Any CPU
	EndGlobalSection
	GlobalSection(SolutionProperties) = preSolution
		HideSolutionNode = FALSE
	EndGlobalSection
	GlobalSection(ExtensibilityGlobals) = postSolution
		SolutionGuid = {37777C96-48DE-447F-A990-E5183CF81C4E}
	EndGlobalSection
EndGlobal
